
Microsoft Visual Studio Solution File, Format Version 12.00
# Visual Studio Version 17
VisualStudioVersion = 17.1.32127.271
MinimumVisualStudioVersion = 10.0.40219.1
Project("{9A19103F-16F7-4668-BE54-9A1E7A4F7556}") = "FrontendWebMVC", "FrontendWebMVC\FrontendWebMVC.csproj", "{A411505C-B181-472D-87E4-5951177BFA72}"
EndProject
Project("{FAE04EC0-301F-11D3-BF4B-00C04F79EFBC}") = "BackendProcessor", "BackendProcessor\BackendProcessor.csproj", "{3AA69DE2-26CB-4A97-B926-DEE1EA72464A}"
EndProject
Project("{2150E333-8FDC-42A3-9474-1A3956D46DE8}") = "SolutionItems", "SolutionItems", "{B7AE7F1B-AE41-4E67-8F73-B450D569DD33}"
	ProjectSection(SolutionItems) = preProject
		tye.yaml = tye.yaml
	EndProjectSection
EndProject
Global
	GlobalSection(SolutionConfigurationPlatforms) = preSolution
		Debug|Any CPU = Debug|Any CPU
		Release|Any CPU = Release|Any CPU
	EndGlobalSection
	GlobalSection(ProjectConfigurationPlatforms) = postSolution
		{A411505C-B181-472D-87E4-5951177BFA72}.Debug|Any CPU.ActiveCfg = Debug|Any CPU
		{A411505C-B181-472D-87E4-5951177BFA72}.Debug|Any CPU.Build.0 = Debug|Any CPU
		{A411505C-B181-472D-87E4-5951177BFA72}.Release|Any CPU.ActiveCfg = Release|Any CPU
		{A411505C-B181-472D-87E4-5951177BFA72}.Release|Any CPU.Build.0 = Release|Any CPU
		{3AA69DE2-26CB-4A97-B926-DEE1EA72464A}.Debug|Any CPU.ActiveCfg = Debug|Any CPU
		{3AA69DE2-26CB-4A97-B926-DEE1EA72464A}.Debug|Any CPU.Build.0 = Debug|Any CPU
		{3AA69DE2-26CB-4A97-B926-DEE1EA72464A}.Release|Any CPU.ActiveCfg = Release|Any CPU
		{3AA69DE2-26CB-4A97-B926-DEE1EA72464A}.Release|Any CPU.Build.0 = Release|Any CPU
	EndGlobalSection
	GlobalSection(SolutionProperties) = preSolution
		HideSolutionNode = FALSE
	EndGlobalSection
	GlobalSection(ExtensibilityGlobals) = postSolution
		SolutionGuid = {408315CF-5628-459F-8610-C820A4B4094D}
	EndGlobalSection
EndGlobal
